{
    "version": 3,
    "terraform_version": "0.11.4",
    "serial": 2,
    "lineage": "a775ef34-cf3c-1292-d443-38090f90d112",
    "modules": [
        {
            "path": [
                "root"
            ],
            "outputs": {
                "vpc_id": {
                    "sensitive": false,
                    "type": "string",
                    "value": "vpc-f0623396"
                }
            },
            "resources": {
                "aws_vpc.mod": {
                    "type": "aws_vpc",
                    "depends_on": [],
                    "primary": {
                        "id": "vpc-f0623396",
                        "attributes": {
                            "assign_generated_ipv6_cidr_block": "false",
                            "cidr_block": "10.0.0.0/16",
                            "default_network_acl_id": "acl-47945f3e",
                            "default_route_table_id": "rtb-1ad3ad63",
                            "default_security_group_id": "sg-eb34e497",
                            "dhcp_options_id": "dopt-5dec7239",
                            "enable_classiclink": "false",
                            "enable_classiclink_dns_support": "false",
                            "enable_dns_hostnames": "true",
                            "enable_dns_support": "true",
                            "id": "vpc-f0623396",
                            "instance_tenancy": "default",
                            "main_route_table_id": "rtb-1ad3ad63",
                            "tags.%": "3",
                            "tags.Name": "tf_arma_III_vpc",
                            "tags.env": "DEV",
                            "tags.stack": "tf_Arma_III_cluster"
                        },
                        "meta": {
                            "schema_version": "1"
                        },
                        "tainted": false
                    },
                    "deposed": [],
                    "provider": "provider.aws"
                },
                "data.terraform_remote_state.db": {
                    "type": "terraform_remote_state",
                    "depends_on": [],
                    "primary": {
                        "id": "2018-07-14 11:31:53.081400898 +0000 UTC",
                        "attributes": {
                            "backend": "s3",
                            "config.%": "3",
                            "config.bucket": "awslab-terraform-up-and-running-state",
                            "config.key": "Arma_III/services/vpc/terraform.tfstate",
                            "config.region": "eu-west-1",
                            "environment": "default",
                            "id": "2018-07-14 11:31:53.081400898 +0000 UTC",
                            "workspace": "default"
                        },
                        "meta": {},
                        "tainted": false
                    },
                    "deposed": [],
                    "provider": "provider.terraform"
                }
            },
            "depends_on": []
        }
    ]
}
